// !$*UTF8*$!
{
	archiveVersion = 1;
	classes = {
	};
	objectVersion = 56;
	objects = {

/* Begin PBXBuildFile section */
		05B4BBBC2C52DA7800031121 /* NewNoteViewController.swift in Sources */ = {isa = PBXBuildFile; fileRef = 05B4BBBB2C52DA7800031121 /* NewNoteViewController.swift */; };
		05BC78A22C3DDE1C0076FE87 /* LoginViewController.swift in Sources */ = {isa = PBXBuildFile; fileRef = 05BC78A12C3DDE1C0076FE87 /* LoginViewController.swift */; };
		05BC78A42C3DE1D70076FE87 /* RegisterViewController.swift in Sources */ = {isa = PBXBuildFile; fileRef = 05BC78A32C3DE1D70076FE87 /* RegisterViewController.swift */; };
		05BC78C92C40605D0076FE87 /* GoogleService-Info.plist in Resources */ = {isa = PBXBuildFile; fileRef = 05BC78C82C40605D0076FE87 /* GoogleService-Info.plist */; };
		05BC78CF2C40725B0076FE87 /* HomeViewController.swift in Sources */ = {isa = PBXBuildFile; fileRef = 05BC78CE2C40725B0076FE87 /* HomeViewController.swift */; };
		05BC78F82C46B4620076FE87 /* NotesViewController.swift in Sources */ = {isa = PBXBuildFile; fileRef = 05BC78F72C46B4620076FE87 /* NotesViewController.swift */; };
		05BDBB5E2C3B32F6007D4203 /* AppDelegate.swift in Sources */ = {isa = PBXBuildFile; fileRef = 05BDBB5D2C3B32F6007D4203 /* AppDelegate.swift */; };
		05BDBB602C3B32F6007D4203 /* SceneDelegate.swift in Sources */ = {isa = PBXBuildFile; fileRef = 05BDBB5F2C3B32F6007D4203 /* SceneDelegate.swift */; };
		05BDBB652C3B32F6007D4203 /* Base in Resources */ = {isa = PBXBuildFile; fileRef = 05BDBB642C3B32F6007D4203 /* Base */; };
		05BDBB682C3B32F6007D4203 /* DemonBuddy.xcdatamodeld in Sources */ = {isa = PBXBuildFile; fileRef = 05BDBB662C3B32F6007D4203 /* DemonBuddy.xcdatamodeld */; };
		05BDBB6A2C3B32F7007D4203 /* Assets.xcassets in Resources */ = {isa = PBXBuildFile; fileRef = 05BDBB692C3B32F7007D4203 /* Assets.xcassets */; };
		05BDBB6D2C3B32F7007D4203 /* Base in Resources */ = {isa = PBXBuildFile; fileRef = 05BDBB6C2C3B32F7007D4203 /* Base */; };
		21C04AF72C4DA34D00BC871F /* SettingsViewController.swift in Sources */ = {isa = PBXBuildFile; fileRef = 21C04AF62C4DA34D00BC871F /* SettingsViewController.swift */; };
		C6096D742C4DAE3800E93C81 /* CharactersCreatedViewController.swift in Sources */ = {isa = PBXBuildFile; fileRef = C6096D732C4DAE3800E93C81 /* CharactersCreatedViewController.swift */; };
		C6096D762C4DB23000E93C81 /* CreatedMonstersorNPCViewController.swift in Sources */ = {isa = PBXBuildFile; fileRef = C6096D752C4DB23000E93C81 /* CreatedMonstersorNPCViewController.swift */; };
		C64215CE2C5071860094D596 /* NewCharacterViewController.swift in Sources */ = {isa = PBXBuildFile; fileRef = C64215CD2C5071860094D596 /* NewCharacterViewController.swift */; };
		C64215D02C5071B90094D596 /* CharacterViewTableCell.swift in Sources */ = {isa = PBXBuildFile; fileRef = C64215CF2C5071B90094D596 /* CharacterViewTableCell.swift */; };
		C6AE6A882C50674500DCB52C /* FirebaseAuth in Frameworks */ = {isa = PBXBuildFile; productRef = C6AE6A872C50674500DCB52C /* FirebaseAuth */; };
/* End PBXBuildFile section */

/* Begin PBXFileReference section */
		05B4BBBB2C52DA7800031121 /* NewNoteViewController.swift */ = {isa = PBXFileReference; lastKnownFileType = sourcecode.swift; path = NewNoteViewController.swift; sourceTree = "<group>"; };
		05BC78A12C3DDE1C0076FE87 /* LoginViewController.swift */ = {isa = PBXFileReference; lastKnownFileType = sourcecode.swift; path = LoginViewController.swift; sourceTree = "<group>"; };
		05BC78A32C3DE1D70076FE87 /* RegisterViewController.swift */ = {isa = PBXFileReference; lastKnownFileType = sourcecode.swift; path = RegisterViewController.swift; sourceTree = "<group>"; };
		05BC78C82C40605D0076FE87 /* GoogleService-Info.plist */ = {isa = PBXFileReference; fileEncoding = 4; lastKnownFileType = text.plist.xml; path = "GoogleService-Info.plist"; sourceTree = "<group>"; };
		05BC78CD2C40656B0076FE87 /* DemonBuddy.entitlements */ = {isa = PBXFileReference; lastKnownFileType = text.plist.entitlements; path = DemonBuddy.entitlements; sourceTree = "<group>"; };
		05BC78CE2C40725B0076FE87 /* HomeViewController.swift */ = {isa = PBXFileReference; lastKnownFileType = sourcecode.swift; path = HomeViewController.swift; sourceTree = "<group>"; };
		05BC78F72C46B4620076FE87 /* NotesViewController.swift */ = {isa = PBXFileReference; lastKnownFileType = sourcecode.swift; path = NotesViewController.swift; sourceTree = "<group>"; };
		05BDBB5A2C3B32F6007D4203 /* DemonBuddy.app */ = {isa = PBXFileReference; explicitFileType = wrapper.application; includeInIndex = 0; path = DemonBuddy.app; sourceTree = BUILT_PRODUCTS_DIR; };
		05BDBB5D2C3B32F6007D4203 /* AppDelegate.swift */ = {isa = PBXFileReference; lastKnownFileType = sourcecode.swift; path = AppDelegate.swift; sourceTree = "<group>"; };
		05BDBB5F2C3B32F6007D4203 /* SceneDelegate.swift */ = {isa = PBXFileReference; lastKnownFileType = sourcecode.swift; path = SceneDelegate.swift; sourceTree = "<group>"; };
		05BDBB642C3B32F6007D4203 /* Base */ = {isa = PBXFileReference; lastKnownFileType = file.storyboard; name = Base; path = Base.lproj/Main.storyboard; sourceTree = "<group>"; };
		05BDBB672C3B32F6007D4203 /* DemonBuddy.xcdatamodel */ = {isa = PBXFileReference; lastKnownFileType = wrapper.xcdatamodel; path = DemonBuddy.xcdatamodel; sourceTree = "<group>"; };
		05BDBB692C3B32F7007D4203 /* Assets.xcassets */ = {isa = PBXFileReference; lastKnownFileType = folder.assetcatalog; path = Assets.xcassets; sourceTree = "<group>"; };
		05BDBB6C2C3B32F7007D4203 /* Base */ = {isa = PBXFileReference; lastKnownFileType = file.storyboard; name = Base; path = Base.lproj/LaunchScreen.storyboard; sourceTree = "<group>"; };
		05BDBB6E2C3B32F7007D4203 /* Info.plist */ = {isa = PBXFileReference; lastKnownFileType = text.plist.xml; path = Info.plist; sourceTree = "<group>"; };
		21C04AF62C4DA34D00BC871F /* SettingsViewController.swift */ = {isa = PBXFileReference; lastKnownFileType = sourcecode.swift; path = SettingsViewController.swift; sourceTree = "<group>"; };
		C6096D732C4DAE3800E93C81 /* CharactersCreatedViewController.swift */ = {isa = PBXFileReference; lastKnownFileType = sourcecode.swift; path = CharactersCreatedViewController.swift; sourceTree = "<group>"; };
		C6096D752C4DB23000E93C81 /* CreatedMonstersorNPCViewController.swift */ = {isa = PBXFileReference; lastKnownFileType = sourcecode.swift; path = CreatedMonstersorNPCViewController.swift; sourceTree = "<group>"; };
		C64215CD2C5071860094D596 /* NewCharacterViewController.swift */ = {isa = PBXFileReference; lastKnownFileType = sourcecode.swift; path = NewCharacterViewController.swift; sourceTree = "<group>"; };
		C64215CF2C5071B90094D596 /* CharacterViewTableCell.swift */ = {isa = PBXFileReference; lastKnownFileType = sourcecode.swift; path = CharacterViewTableCell.swift; sourceTree = "<group>"; };
/* End PBXFileReference section */

/* Begin PBXFrameworksBuildPhase section */
		05BDBB572C3B32F6007D4203 /* Frameworks */ = {
			isa = PBXFrameworksBuildPhase;
			buildActionMask = 2147483647;
			files = (
				C6AE6A882C50674500DCB52C /* FirebaseAuth in Frameworks */,
			);
			runOnlyForDeploymentPostprocessing = 0;
		};
/* End PBXFrameworksBuildPhase section */

/* Begin PBXGroup section */
		05BDBB512C3B32F6007D4203 = {
			isa = PBXGroup;
			children = (
				05BDBB5C2C3B32F6007D4203 /* DemonBuddy */,
				05BDBB5B2C3B32F6007D4203 /* Products */,
			);
			sourceTree = "<group>";
		};
		05BDBB5B2C3B32F6007D4203 /* Products */ = {
			isa = PBXGroup;
			children = (
				05BDBB5A2C3B32F6007D4203 /* DemonBuddy.app */,
			);
			name = Products;
			sourceTree = "<group>";
		};
		05BDBB5C2C3B32F6007D4203 /* DemonBuddy */ = {
			isa = PBXGroup;
			children = (
				05BC78CD2C40656B0076FE87 /* DemonBuddy.entitlements */,
				05BDBB5D2C3B32F6007D4203 /* AppDelegate.swift */,
				05BDBB5F2C3B32F6007D4203 /* SceneDelegate.swift */,
				05BC78A12C3DDE1C0076FE87 /* LoginViewController.swift */,
				05BC78A32C3DE1D70076FE87 /* RegisterViewController.swift */,
				05BC78CE2C40725B0076FE87 /* HomeViewController.swift */,
				05BDBB632C3B32F6007D4203 /* Main.storyboard */,
				05B4BBBB2C52DA7800031121 /* NewNoteViewController.swift */,
				21C04AF62C4DA34D00BC871F /* SettingsViewController.swift */,
				05BDBB692C3B32F7007D4203 /* Assets.xcassets */,
				05BDBB6B2C3B32F7007D4203 /* LaunchScreen.storyboard */,
				05BDBB6E2C3B32F7007D4203 /* Info.plist */,
				05BDBB662C3B32F6007D4203 /* DemonBuddy.xcdatamodeld */,
				05BC78C82C40605D0076FE87 /* GoogleService-Info.plist */,
				C6096D732C4DAE3800E93C81 /* CharactersCreatedViewController.swift */,
				C64215CF2C5071B90094D596 /* CharacterViewTableCell.swift */,
				C6096D752C4DB23000E93C81 /* CreatedMonstersorNPCViewController.swift */,
				05BC78F72C46B4620076FE87 /* NotesViewController.swift */,
				C64215CD2C5071860094D596 /* NewCharacterViewController.swift */,
			);
			path = DemonBuddy;
			sourceTree = "<group>";
		};
/* End PBXGroup section */

/* Begin PBXNativeTarget section */
		05BDBB592C3B32F6007D4203 /* DemonBuddy */ = {
			isa = PBXNativeTarget;
			buildConfigurationList = 05BDBB712C3B32F7007D4203 /* Build configuration list for PBXNativeTarget "DemonBuddy" */;
			buildPhases = (
				05BDBB562C3B32F6007D4203 /* Sources */,
				05BDBB572C3B32F6007D4203 /* Frameworks */,
				05BDBB582C3B32F6007D4203 /* Resources */,
			);
			buildRules = (
			);
			dependencies = (
			);
			name = DemonBuddy;
			packageProductDependencies = (
				C6AE6A872C50674500DCB52C /* FirebaseAuth */,
			);
			productName = DemonBuddy;
			productReference = 05BDBB5A2C3B32F6007D4203 /* DemonBuddy.app */;
			productType = "com.apple.product-type.application";
		};
/* End PBXNativeTarget section */

/* Begin PBXProject section */
		05BDBB522C3B32F6007D4203 /* Project object */ = {
			isa = PBXProject;
			attributes = {
				BuildIndependentTargetsInParallel = 1;
				LastSwiftUpdateCheck = 1540;
				LastUpgradeCheck = 1540;
				TargetAttributes = {
					05BDBB592C3B32F6007D4203 = {
						CreatedOnToolsVersion = 15.4;
					};
				};
			};
			buildConfigurationList = 05BDBB552C3B32F6007D4203 /* Build configuration list for PBXProject "DemonBuddy" */;
			compatibilityVersion = "Xcode 14.0";
			developmentRegion = en;
			hasScannedForEncodings = 0;
			knownRegions = (
				en,
				Base,
			);
			mainGroup = 05BDBB512C3B32F6007D4203;
			packageReferences = (
				C6AE6A862C50674500DCB52C /* XCRemoteSwiftPackageReference "firebase-ios-sdk" */,
			);
			productRefGroup = 05BDBB5B2C3B32F6007D4203 /* Products */;
			projectDirPath = "";
			projectRoot = "";
			targets = (
				05BDBB592C3B32F6007D4203 /* DemonBuddy */,
			);
		};
/* End PBXProject section */

/* Begin PBXResourcesBuildPhase section */
		05BDBB582C3B32F6007D4203 /* Resources */ = {
			isa = PBXResourcesBuildPhase;
			buildActionMask = 2147483647;
			files = (
				05BDBB6A2C3B32F7007D4203 /* Assets.xcassets in Resources */,
				05BC78C92C40605D0076FE87 /* GoogleService-Info.plist in Resources */,
				05BDBB6D2C3B32F7007D4203 /* Base in Resources */,
				05BDBB652C3B32F6007D4203 /* Base in Resources */,
			);
			runOnlyForDeploymentPostprocessing = 0;
		};
/* End PBXResourcesBuildPhase section */

/* Begin PBXSourcesBuildPhase section */
		05BDBB562C3B32F6007D4203 /* Sources */ = {
			isa = PBXSourcesBuildPhase;
			buildActionMask = 2147483647;
			files = (
				C6096D742C4DAE3800E93C81 /* CharactersCreatedViewController.swift in Sources */,
				05BDBB5E2C3B32F6007D4203 /* AppDelegate.swift in Sources */,
				C64215D02C5071B90094D596 /* CharacterViewTableCell.swift in Sources */,
				05B4BBBC2C52DA7800031121 /* NewNoteViewController.swift in Sources */,
				05BDBB682C3B32F6007D4203 /* DemonBuddy.xcdatamodeld in Sources */,
				C6096D762C4DB23000E93C81 /* CreatedMonstersorNPCViewController.swift in Sources */,
				C64215CE2C5071860094D596 /* NewCharacterViewController.swift in Sources */,
				05BC78A42C3DE1D70076FE87 /* RegisterViewController.swift in Sources */,
				05BC78F82C46B4620076FE87 /* NotesViewController.swift in Sources */,
				05BC78A22C3DDE1C0076FE87 /* LoginViewController.swift in Sources */,
				05BC78CF2C40725B0076FE87 /* HomeViewController.swift in Sources */,
				05BDBB602C3B32F6007D4203 /* SceneDelegate.swift in Sources */,
				21C04AF72C4DA34D00BC871F /* SettingsViewController.swift in Sources */,
			);
			runOnlyForDeploymentPostprocessing = 0;
		};
/* End PBXSourcesBuildPhase section */

/* Begin PBXVariantGroup section */
		05BDBB632C3B32F6007D4203 /* Main.storyboard */ = {
			isa = PBXVariantGroup;
			children = (
				05BDBB642C3B32F6007D4203 /* Base */,
			);
			name = Main.storyboard;
			sourceTree = "<group>";
		};
		05BDBB6B2C3B32F7007D4203 /* LaunchScreen.storyboard */ = {
			isa = PBXVariantGroup;
			children = (
				05BDBB6C2C3B32F7007D4203 /* Base */,
			);
			name = LaunchScreen.storyboard;
			sourceTree = "<group>";
		};
/* End PBXVariantGroup section */

/* Begin XCBuildConfiguration section */
		05BDBB6F2C3B32F7007D4203 /* Debug */ = {
			isa = XCBuildConfiguration;
			buildSettings = {
				ALWAYS_SEARCH_USER_PATHS = NO;
				ASSETCATALOG_COMPILER_GENERATE_SWIFT_ASSET_SYMBOL_EXTENSIONS = YES;
				CLANG_ANALYZER_NONNULL = YES;
				CLANG_ANALYZER_NUMBER_OBJECT_CONVERSION = YES_AGGRESSIVE;
				CLANG_CXX_LANGUAGE_STANDARD = "gnu++20";
				CLANG_ENABLE_MODULES = YES;
				CLANG_ENABLE_OBJC_ARC = YES;
				CLANG_ENABLE_OBJC_WEAK = YES;
				CLANG_WARN_BLOCK_CAPTURE_AUTORELEASING = YES;
				CLANG_WARN_BOOL_CONVERSION = YES;
				CLANG_WARN_COMMA = YES;
				CLANG_WARN_CONSTANT_CONVERSION = YES;
				CLANG_WARN_DEPRECATED_OBJC_IMPLEMENTATIONS = YES;
				CLANG_WARN_DIRECT_OBJC_ISA_USAGE = YES_ERROR;
				CLANG_WARN_DOCUMENTATION_COMMENTS = YES;
				CLANG_WARN_EMPTY_BODY = YES;
				CLANG_WARN_ENUM_CONVERSION = YES;
				CLANG_WARN_INFINITE_RECURSION = YES;
				CLANG_WARN_INT_CONVERSION = YES;
				CLANG_WARN_NON_LITERAL_NULL_CONVERSION = YES;
				CLANG_WARN_OBJC_IMPLICIT_RETAIN_SELF = YES;
				CLANG_WARN_OBJC_LITERAL_CONVERSION = YES;
				CLANG_WARN_OBJC_ROOT_CLASS = YES_ERROR;
				CLANG_WARN_QUOTED_INCLUDE_IN_FRAMEWORK_HEADER = YES;
				CLANG_WARN_RANGE_LOOP_ANALYSIS = YES;
				CLANG_WARN_STRICT_PROTOTYPES = YES;
				CLANG_WARN_SUSPICIOUS_MOVE = YES;
				CLANG_WARN_UNGUARDED_AVAILABILITY = YES_AGGRESSIVE;
				CLANG_WARN_UNREACHABLE_CODE = YES;
				CLANG_WARN__DUPLICATE_METHOD_MATCH = YES;
				COPY_PHASE_STRIP = NO;
				DEBUG_INFORMATION_FORMAT = dwarf;
				ENABLE_STRICT_OBJC_MSGSEND = YES;
				ENABLE_TESTABILITY = YES;
				ENABLE_USER_SCRIPT_SANDBOXING = YES;
				GCC_C_LANGUAGE_STANDARD = gnu17;
				GCC_DYNAMIC_NO_PIC = NO;
				GCC_NO_COMMON_BLOCKS = YES;
				GCC_OPTIMIZATION_LEVEL = 0;
				GCC_PREPROCESSOR_DEFINITIONS = (
					"DEBUG=1",
					"$(inherited)",
				);
				GCC_WARN_64_TO_32_BIT_CONVERSION = YES;
				GCC_WARN_ABOUT_RETURN_TYPE = YES_ERROR;
				GCC_WARN_UNDECLARED_SELECTOR = YES;
				GCC_WARN_UNINITIALIZED_AUTOS = YES_AGGRESSIVE;
				GCC_WARN_UNUSED_FUNCTION = YES;
				GCC_WARN_UNUSED_VARIABLE = YES;
				IPHONEOS_DEPLOYMENT_TARGET = 17.5;
				LOCALIZATION_PREFERS_STRING_CATALOGS = YES;
				MTL_ENABLE_DEBUG_INFO = INCLUDE_SOURCE;
				MTL_FAST_MATH = YES;
				ONLY_ACTIVE_ARCH = YES;
				SDKROOT = iphoneos;
				SWIFT_ACTIVE_COMPILATION_CONDITIONS = "DEBUG $(inherited)";
				SWIFT_OPTIMIZATION_LEVEL = "-Onone";
			};
			name = Debug;
		};
		05BDBB702C3B32F7007D4203 /* Release */ = {
			isa = XCBuildConfiguration;
			buildSettings = {
				ALWAYS_SEARCH_USER_PATHS = NO;
				ASSETCATALOG_COMPILER_GENERATE_SWIFT_ASSET_SYMBOL_EXTENSIONS = YES;
				CLANG_ANALYZER_NONNULL = YES;
				CLANG_ANALYZER_NUMBER_OBJECT_CONVERSION = YES_AGGRESSIVE;
				CLANG_CXX_LANGUAGE_STANDARD = "gnu++20";
				CLANG_ENABLE_MODULES = YES;
				CLANG_ENABLE_OBJC_ARC = YES;
				CLANG_ENABLE_OBJC_WEAK = YES;
				CLANG_WARN_BLOCK_CAPTURE_AUTORELEASING = YES;
				CLANG_WARN_BOOL_CONVERSION = YES;
				CLANG_WARN_COMMA = YES;
				CLANG_WARN_CONSTANT_CONVERSION = YES;
				CLANG_WARN_DEPRECATED_OBJC_IMPLEMENTATIONS = YES;
				CLANG_WARN_DIRECT_OBJC_ISA_USAGE = YES_ERROR;
				CLANG_WARN_DOCUMENTATION_COMMENTS = YES;
				CLANG_WARN_EMPTY_BODY = YES;
				CLANG_WARN_ENUM_CONVERSION = YES;
				CLANG_WARN_INFINITE_RECURSION = YES;
				CLANG_WARN_INT_CONVERSION = YES;
				CLANG_WARN_NON_LITERAL_NULL_CONVERSION = YES;
				CLANG_WARN_OBJC_IMPLICIT_RETAIN_SELF = YES;
				CLANG_WARN_OBJC_LITERAL_CONVERSION = YES;
				CLANG_WARN_OBJC_ROOT_CLASS = YES_ERROR;
				CLANG_WARN_QUOTED_INCLUDE_IN_FRAMEWORK_HEADER = YES;
				CLANG_WARN_RANGE_LOOP_ANALYSIS = YES;
				CLANG_WARN_STRICT_PROTOTYPES = YES;
				CLANG_WARN_SUSPICIOUS_MOVE = YES;
				CLANG_WARN_UNGUARDED_AVAILABILITY = YES_AGGRESSIVE;
				CLANG_WARN_UNREACHABLE_CODE = YES;
				CLANG_WARN__DUPLICATE_METHOD_MATCH = YES;
				COPY_PHASE_STRIP = NO;
				DEBUG_INFORMATION_FORMAT = "dwarf-with-dsym";
				ENABLE_NS_ASSERTIONS = NO;
				ENABLE_STRICT_OBJC_MSGSEND = YES;
				ENABLE_USER_SCRIPT_SANDBOXING = YES;
				GCC_C_LANGUAGE_STANDARD = gnu17;
				GCC_NO_COMMON_BLOCKS = YES;
				GCC_WARN_64_TO_32_BIT_CONVERSION = YES;
				GCC_WARN_ABOUT_RETURN_TYPE = YES_ERROR;
				GCC_WARN_UNDECLARED_SELECTOR = YES;
				GCC_WARN_UNINITIALIZED_AUTOS = YES_AGGRESSIVE;
				GCC_WARN_UNUSED_FUNCTION = YES;
				GCC_WARN_UNUSED_VARIABLE = YES;
				IPHONEOS_DEPLOYMENT_TARGET = 17.5;
				LOCALIZATION_PREFERS_STRING_CATALOGS = YES;
				MTL_ENABLE_DEBUG_INFO = NO;
				MTL_FAST_MATH = YES;
				SDKROOT = iphoneos;
				SWIFT_COMPILATION_MODE = wholemodule;
				VALIDATE_PRODUCT = YES;
			};
			name = Release;
		};
		05BDBB722C3B32F7007D4203 /* Debug */ = {
			isa = XCBuildConfiguration;
			buildSettings = {
				ASSETCATALOG_COMPILER_APPICON_NAME = AppIcon;
				ASSETCATALOG_COMPILER_GLOBAL_ACCENT_COLOR_NAME = AccentColor;
				CODE_SIGN_ENTITLEMENTS = DemonBuddy/DemonBuddy.entitlements;
				CODE_SIGN_STYLE = Automatic;
				CURRENT_PROJECT_VERSION = 1;
				DEVELOPMENT_TEAM = 5NV6RU3Q53;
				GENERATE_INFOPLIST_FILE = YES;
				INFOPLIST_FILE = DemonBuddy/Info.plist;
				INFOPLIST_KEY_UIApplicationSupportsIndirectInputEvents = YES;
				INFOPLIST_KEY_UILaunchStoryboardName = LaunchScreen;
				INFOPLIST_KEY_UIMainStoryboardFile = Main;
				INFOPLIST_KEY_UISupportedInterfaceOrientations_iPad = "UIInterfaceOrientationPortrait UIInterfaceOrientationPortraitUpsideDown UIInterfaceOrientationLandscapeLeft UIInterfaceOrientationLandscapeRight";
				INFOPLIST_KEY_UISupportedInterfaceOrientations_iPhone = "UIInterfaceOrientationPortrait UIInterfaceOrientationLandscapeLeft UIInterfaceOrientationLandscapeRight";
				LD_RUNPATH_SEARCH_PATHS = (
					"$(inherited)",
					"@executable_path/Frameworks",
				);
				MARKETING_VERSION = 1.0;
				PRODUCT_BUNDLE_IDENTIFIER = utcs.DemonBuddy;
				PRODUCT_NAME = "$(TARGET_NAME)";
				SWIFT_EMIT_LOC_STRINGS = YES;
				SWIFT_VERSION = 5.0;
				TARGETED_DEVICE_FAMILY = "1,2";
			};
			name = Debug;
		};
		05BDBB732C3B32F7007D4203 /* Release */ = {
			isa = XCBuildConfiguration;
			buildSettings = {
				ASSETCATALOG_COMPILER_APPICON_NAME = AppIcon;
				ASSETCATALOG_COMPILER_GLOBAL_ACCENT_COLOR_NAME = AccentColor;
				CODE_SIGN_ENTITLEMENTS = DemonBuddy/DemonBuddy.entitlements;
				CODE_SIGN_STYLE = Automatic;
				CURRENT_PROJECT_VERSION = 1;
				DEVELOPMENT_TEAM = 5NV6RU3Q53;
				GENERATE_INFOPLIST_FILE = YES;
				INFOPLIST_FILE = DemonBuddy/Info.plist;
				INFOPLIST_KEY_UIApplicationSupportsIndirectInputEvents = YES;
				INFOPLIST_KEY_UILaunchStoryboardName = LaunchScreen;
				INFOPLIST_KEY_UIMainStoryboardFile = Main;
				INFOPLIST_KEY_UISupportedInterfaceOrientations_iPad = "UIInterfaceOrientationPortrait UIInterfaceOrientationPortraitUpsideDown UIInterfaceOrientationLandscapeLeft UIInterfaceOrientationLandscapeRight";
				INFOPLIST_KEY_UISupportedInterfaceOrientations_iPhone = "UIInterfaceOrientationPortrait UIInterfaceOrientationLandscapeLeft UIInterfaceOrientationLandscapeRight";
				LD_RUNPATH_SEARCH_PATHS = (
					"$(inherited)",
					"@executable_path/Frameworks",
				);
				MARKETING_VERSION = 1.0;
				PRODUCT_BUNDLE_IDENTIFIER = utcs.DemonBuddy;
				PRODUCT_NAME = "$(TARGET_NAME)";
				SWIFT_EMIT_LOC_STRINGS = YES;
				SWIFT_VERSION = 5.0;
				TARGETED_DEVICE_FAMILY = "1,2";
			};
			name = Release;
		};
/* End XCBuildConfiguration section */

/* Begin XCConfigurationList section */
		05BDBB552C3B32F6007D4203 /* Build configuration list for PBXProject "DemonBuddy" */ = {
			isa = XCConfigurationList;
			buildConfigurations = (
				05BDBB6F2C3B32F7007D4203 /* Debug */,
				05BDBB702C3B32F7007D4203 /* Release */,
			);
			defaultConfigurationIsVisible = 0;
			defaultConfigurationName = Release;
		};
		05BDBB712C3B32F7007D4203 /* Build configuration list for PBXNativeTarget "DemonBuddy" */ = {
			isa = XCConfigurationList;
			buildConfigurations = (
				05BDBB722C3B32F7007D4203 /* Debug */,
				05BDBB732C3B32F7007D4203 /* Release */,
			);
			defaultConfigurationIsVisible = 0;
			defaultConfigurationName = Release;
		};
/* End XCConfigurationList section */

/* Begin XCRemoteSwiftPackageReference section */
		C6AE6A862C50674500DCB52C /* XCRemoteSwiftPackageReference "firebase-ios-sdk" */ = {
			isa = XCRemoteSwiftPackageReference;
			repositoryURL = "https://github.com/firebase/firebase-ios-sdk";
			requirement = {
				kind = upToNextMajorVersion;
				minimumVersion = 10.29.0;
			};
		};
/* End XCRemoteSwiftPackageReference section */

/* Begin XCSwiftPackageProductDependency section */
		C6AE6A872C50674500DCB52C /* FirebaseAuth */ = {
			isa = XCSwiftPackageProductDependency;
			package = C6AE6A862C50674500DCB52C /* XCRemoteSwiftPackageReference "firebase-ios-sdk" */;
			productName = FirebaseAuth;
		};
/* End XCSwiftPackageProductDependency section */

/* Begin XCVersionGroup section */
		05BDBB662C3B32F6007D4203 /* DemonBuddy.xcdatamodeld */ = {
			isa = XCVersionGroup;
			children = (
				05BDBB672C3B32F6007D4203 /* DemonBuddy.xcdatamodel */,
			);
			currentVersion = 05BDBB672C3B32F6007D4203 /* DemonBuddy.xcdatamodel */;
			path = DemonBuddy.xcdatamodeld;
			sourceTree = "<group>";
			versionGroupType = wrapper.xcdatamodel;
		};
/* End XCVersionGroup section */
	};
	rootObject = 05BDBB522C3B32F6007D4203 /* Project object */;
}
